
Microsoft Visual Studio Solution File, Format Version 12.00
Project("{FAE04EC0-301F-11D3-BF4B-00C04F79EFBC}") = "PersonGeneratorApp", "PersonGeneratorApp\PersonGeneratorApp.csproj", "{BB28AAA2-D9BB-4EDD-B616-1AE5B0BEE7DC}"
EndProject
Global
	GlobalSection(SolutionConfigurationPlatforms) = preSolution
		Debug|Any CPU = Debug|Any CPU
		Release|Any CPU = Release|Any CPU
	EndGlobalSection
	GlobalSection(ProjectConfigurationPlatforms) = postSolution
		{BB28AAA2-D9BB-4EDD-B616-1AE5B0BEE7DC}.Debug|Any CPU.ActiveCfg = Debug|Any CPU
		{BB28AAA2-D9BB-4EDD-B616-1AE5B0BEE7DC}.Debug|Any CPU.Build.0 = Debug|Any CPU
		{BB28AAA2-D9BB-4EDD-B616-1AE5B0BEE7DC}.Release|Any CPU.ActiveCfg = Release|Any CPU
		{BB28AAA2-D9BB-4EDD-B616-1AE5B0BEE7DC}.Release|Any CPU.Build.0 = Release|Any CPU
	EndGlobalSection
EndGlobal
